
Microsoft Visual Studio Solution File, Format Version 12.00
# Visual Studio 15
VisualStudioVersion = 15.0.26430.6
MinimumVisualStudioVersion = 10.0.40219.1
Project("{D954291E-2A0B-460D-934E-DC6B0785DB48}") = "SharedProject", "SharedProject\SharedProject.shproj", "{DC1C5768-9EBC-4B4B-B16F-92FF53D29F83}"
EndProject
Project("{FAE04EC0-301F-11D3-BF4B-00C04F79EFBC}") = "AndroidApp", "AndroidApp\AndroidApp.csproj", "{6AB6C120-8DD6-4424-B10E-069A4E193FD8}"
EndProject
Project("{FAE04EC0-301F-11D3-BF4B-00C04F79EFBC}") = "UWPApp", "UWPApp\UWPApp.csproj", "{11A4E51A-3F0E-44E4-AE8F-423C8ABA4AB1}"
EndProject
Global
	GlobalSection(SharedMSBuildProjectFiles) = preSolution
		SharedProject\SharedProject.projitems*{11a4e51a-3f0e-44e4-ae8f-423c8aba4ab1}*SharedItemsImports = 4
		SharedProject\SharedProject.projitems*{6ab6c120-8dd6-4424-b10e-069a4e193fd8}*SharedItemsImports = 4
		SharedProject\SharedProject.projitems*{dc1c5768-9ebc-4b4b-b16f-92ff53d29f83}*SharedItemsImports = 13
	EndGlobalSection
	GlobalSection(SolutionConfigurationPlatforms) = preSolution
		Debug|Any CPU = Debug|Any CPU
		Debug|ARM = Debug|ARM
		Debug|x64 = Debug|x64
		Debug|x86 = Debug|x86
		Release|Any CPU = Release|Any CPU
		Release|ARM = Release|ARM
		Release|x64 = Release|x64
		Release|x86 = Release|x86
	EndGlobalSection
	GlobalSection(ProjectConfigurationPlatforms) = postSolution
		{6AB6C120-8DD6-4424-B10E-069A4E193FD8}.Debug|Any CPU.ActiveCfg = Debug|Any CPU
		{6AB6C120-8DD6-4424-B10E-069A4E193FD8}.Debug|Any CPU.Build.0 = Debug|Any CPU
		{6AB6C120-8DD6-4424-B10E-069A4E193FD8}.Debug|Any CPU.Deploy.0 = Debug|Any CPU
		{6AB6C120-8DD6-4424-B10E-069A4E193FD8}.Debug|ARM.ActiveCfg = Debug|Any CPU
		{6AB6C120-8DD6-4424-B10E-069A4E193FD8}.Debug|ARM.Build.0 = Debug|Any CPU
		{6AB6C120-8DD6-4424-B10E-069A4E193FD8}.Debug|ARM.Deploy.0 = Debug|Any CPU
		{6AB6C120-8DD6-4424-B10E-069A4E193FD8}.Debug|x64.ActiveCfg = Debug|Any CPU
		{6AB6C120-8DD6-4424-B10E-069A4E193FD8}.Debug|x64.Build.0 = Debug|Any CPU
		{6AB6C120-8DD6-4424-B10E-069A4E193FD8}.Debug|x64.Deploy.0 = Debug|Any CPU
		{6AB6C120-8DD6-4424-B10E-069A4E193FD8}.Debug|x86.ActiveCfg = Debug|Any CPU
		{6AB6C120-8DD6-4424-B10E-069A4E193FD8}.Debug|x86.Build.0 = Debug|Any CPU
		{6AB6C120-8DD6-4424-B10E-069A4E193FD8}.Debug|x86.Deploy.0 = Debug|Any CPU
		{6AB6C120-8DD6-4424-B10E-069A4E193FD8}.Release|Any CPU.ActiveCfg = Release|Any CPU
		{6AB6C120-8DD6-4424-B10E-069A4E193FD8}.Release|Any CPU.Build.0 = Release|Any CPU
		{6AB6C120-8DD6-4424-B10E-069A4E193FD8}.Release|Any CPU.Deploy.0 = Release|Any CPU
		{6AB6C120-8DD6-4424-B10E-069A4E193FD8}.Release|ARM.ActiveCfg = Release|Any CPU
		{6AB6C120-8DD6-4424-B10E-069A4E193FD8}.Release|ARM.Build.0 = Release|Any CPU
		{6AB6C120-8DD6-4424-B10E-069A4E193FD8}.Release|ARM.Deploy.0 = Release|Any CPU
		{6AB6C120-8DD6-4424-B10E-069A4E193FD8}.Release|x64.ActiveCfg = Release|Any CPU
		{6AB6C120-8DD6-4424-B10E-069A4E193FD8}.Release|x64.Build.0 = Release|Any CPU
		{6AB6C120-8DD6-4424-B10E-069A4E193FD8}.Release|x64.Deploy.0 = Release|Any CPU
		{6AB6C120-8DD6-4424-B10E-069A4E193FD8}.Release|x86.ActiveCfg = Release|Any CPU
		{6AB6C120-8DD6-4424-B10E-069A4E193FD8}.Release|x86.Build.0 = Release|Any CPU
		{6AB6C120-8DD6-4424-B10E-069A4E193FD8}.Release|x86.Deploy.0 = Release|Any CPU
		{11A4E51A-3F0E-44E4-AE8F-423C8ABA4AB1}.Debug|Any CPU.ActiveCfg = Debug|x86
		{11A4E51A-3F0E-44E4-AE8F-423C8ABA4AB1}.Debug|Any CPU.Build.0 = Debug|x86
		{11A4E51A-3F0E-44E4-AE8F-423C8ABA4AB1}.Debug|Any CPU.Deploy.0 = Debug|x86
		{11A4E51A-3F0E-44E4-AE8F-423C8ABA4AB1}.Debug|ARM.ActiveCfg = Debug|ARM
		{11A4E51A-3F0E-44E4-AE8F-423C8ABA4AB1}.Debug|ARM.Build.0 = Debug|ARM
		{11A4E51A-3F0E-44E4-AE8F-423C8ABA4AB1}.Debug|ARM.Deploy.0 = Debug|ARM
		{11A4E51A-3F0E-44E4-AE8F-423C8ABA4AB1}.Debug|x64.ActiveCfg = Debug|x64
		{11A4E51A-3F0E-44E4-AE8F-423C8ABA4AB1}.Debug|x64.Build.0 = Debug|x64
		{11A4E51A-3F0E-44E4-AE8F-423C8ABA4AB1}.Debug|x64.Deploy.0 = Debug|x64
		{11A4E51A-3F0E-44E4-AE8F-423C8ABA4AB1}.Debug|x86.ActiveCfg = Debug|x86
		{11A4E51A-3F0E-44E4-AE8F-423C8ABA4AB1}.Debug|x86.Build.0 = Debug|x86
		{11A4E51A-3F0E-44E4-AE8F-423C8ABA4AB1}.Debug|x86.Deploy.0 = Debug|x86
		{11A4E51A-3F0E-44E4-AE8F-423C8ABA4AB1}.Release|Any CPU.ActiveCfg = Release|x86
		{11A4E51A-3F0E-44E4-AE8F-423C8ABA4AB1}.Release|ARM.ActiveCfg = Release|ARM
		{11A4E51A-3F0E-44E4-AE8F-423C8ABA4AB1}.Release|ARM.Build.0 = Release|ARM
		{11A4E51A-3F0E-44E4-AE8F-423C8ABA4AB1}.Release|ARM.Deploy.0 = Release|ARM
		{11A4E51A-3F0E-44E4-AE8F-423C8ABA4AB1}.Release|x64.ActiveCfg = Release|x64
		{11A4E51A-3F0E-44E4-AE8F-423C8ABA4AB1}.Release|x64.Build.0 = Release|x64
		{11A4E51A-3F0E-44E4-AE8F-423C8ABA4AB1}.Release|x64.Deploy.0 = Release|x64
		{11A4E51A-3F0E-44E4-AE8F-423C8ABA4AB1}.Release|x86.ActiveCfg = Release|x86
		{11A4E51A-3F0E-44E4-AE8F-423C8ABA4AB1}.Release|x86.Build.0 = Release|x86
		{11A4E51A-3F0E-44E4-AE8F-423C8ABA4AB1}.Release|x86.Deploy.0 = Release|x86
	EndGlobalSection
	GlobalSection(SolutionProperties) = preSolution
		HideSolutionNode = FALSE
	EndGlobalSection
EndGlobal
